
Microsoft Visual Studio Solution File, Format Version 11.00
# Visual C# Express 2010
Project("{FAE04EC0-301F-11D3-BF4B-00C04F79EFBC}") = "Tic-tac-toe", "Tic-tac-toe\Tic-tac-toe.csproj", "{92FA980A-8026-4F04-9C6F-CB2C74F4778A}"
EndProject
Global
	GlobalSection(SolutionConfigurationPlatforms) = preSolution
		Debug|x86 = Debug|x86
		Release|x86 = Release|x86
	EndGlobalSection
	GlobalSection(ProjectConfigurationPlatforms) = postSolution
		{92FA980A-8026-4F04-9C6F-CB2C74F4778A}.Debug|x86.ActiveCfg = Debug|x86
		{92FA980A-8026-4F04-9C6F-CB2C74F4778A}.Debug|x86.Build.0 = Debug|x86
		{92FA980A-8026-4F04-9C6F-CB2C74F4778A}.Release|x86.ActiveCfg = Release|x86
		{92FA980A-8026-4F04-9C6F-CB2C74F4778A}.Release|x86.Build.0 = Release|x86
	EndGlobalSection
	GlobalSection(SolutionProperties) = preSolution
		HideSolutionNode = FALSE
	EndGlobalSection
EndGlobal
